
Microsoft Visual Studio Solution File, Format Version 12.00
# Visual Studio Version 16
VisualStudioVersion = 16.0.31105.61
MinimumVisualStudioVersion = 10.0.40219.1
Project("{FAE04EC0-301F-11D3-BF4B-00C04F79EFBC}") = "SodeaSoft", "SodeaSoft\SodeaSoft.csproj", "{38615C2B-71FE-4F17-A9A3-45E85DFF085D}"
EndProject
Global
	GlobalSection(SolutionConfigurationPlatforms) = preSolution
		Debug|Any CPU = Debug|Any CPU
		Release|Any CPU = Release|Any CPU
	EndGlobalSection
	GlobalSection(ProjectConfigurationPlatforms) = postSolution
		{38615C2B-71FE-4F17-A9A3-45E85DFF085D}.Debug|Any CPU.ActiveCfg = Debug|Any CPU
		{38615C2B-71FE-4F17-A9A3-45E85DFF085D}.Debug|Any CPU.Build.0 = Debug|Any CPU
		{38615C2B-71FE-4F17-A9A3-45E85DFF085D}.Release|Any CPU.ActiveCfg = Release|Any CPU
		{38615C2B-71FE-4F17-A9A3-45E85DFF085D}.Release|Any CPU.Build.0 = Release|Any CPU
	EndGlobalSection
	GlobalSection(SolutionProperties) = preSolution
		HideSolutionNode = FALSE
	EndGlobalSection
	GlobalSection(ExtensibilityGlobals) = postSolution
		SolutionGuid = {49A8DB41-B1AA-4509-B195-AC794583B3DC}
	EndGlobalSection
EndGlobal
